// !$*UTF8*$!
{
	archiveVersion = 1;
	classes = {
	};
	objectVersion = 46;
	objects = {

/* Begin PBXBuildFile section */
		1EBCDB7F1BA6A6A100573BB8 /* AppDelegate.swift in Sources */ = {isa = PBXBuildFile; fileRef = 1EBCDB7E1BA6A6A100573BB8 /* AppDelegate.swift */; };
		1EBCDB811BA6A6A100573BB8 /* ViewController.swift in Sources */ = {isa = PBXBuildFile; fileRef = 1EBCDB801BA6A6A100573BB8 /* ViewController.swift */; };
		1EBCDB841BA6A6A100573BB8 /* Main.storyboard in Resources */ = {isa = PBXBuildFile; fileRef = 1EBCDB821BA6A6A100573BB8 /* Main.storyboard */; };
		1EBCDB861BA6A6A100573BB8 /* Assets.xcassets in Resources */ = {isa = PBXBuildFile; fileRef = 1EBCDB851BA6A6A100573BB8 /* Assets.xcassets */; };
		1EF2C5C51BA76C3600C6A87B /* SolutionLogger.swift in Sources */ = {isa = PBXBuildFile; fileRef = 1EF2C5C41BA76C3600C6A87B /* SolutionLogger.swift */; };
/* End PBXBuildFile section */

/* Begin PBXFileReference section */
		1EBCDB7B1BA6A6A100573BB8 /* Metalldetektor.app */ = {isa = PBXFileReference; explicitFileType = wrapper.application; includeInIndex = 0; path = Metalldetektor.app; sourceTree = BUILT_PRODUCTS_DIR; };
		1EBCDB7E1BA6A6A100573BB8 /* AppDelegate.swift */ = {isa = PBXFileReference; lastKnownFileType = sourcecode.swift; path = AppDelegate.swift; sourceTree = "<group>"; };
		1EBCDB801BA6A6A100573BB8 /* ViewController.swift */ = {isa = PBXFileReference; lastKnownFileType = sourcecode.swift; path = ViewController.swift; sourceTree = "<group>"; };
		1EBCDB831BA6A6A100573BB8 /* Base */ = {isa = PBXFileReference; lastKnownFileType = file.storyboard; name = Base; path = Base.lproj/Main.storyboard; sourceTree = "<group>"; };
		1EBCDB851BA6A6A100573BB8 /* Assets.xcassets */ = {isa = PBXFileReference; lastKnownFileType = folder.assetcatalog; path = Assets.xcassets; sourceTree = "<group>"; };
		1EBCDB8A1BA6A6A100573BB8 /* Info.plist */ = {isa = PBXFileReference; lastKnownFileType = text.plist.xml; path = Info.plist; sourceTree = "<group>"; };
		1EF2C5C41BA76C3600C6A87B /* SolutionLogger.swift */ = {isa = PBXFileReference; fileEncoding = 4; lastKnownFileType = sourcecode.swift; path = SolutionLogger.swift; sourceTree = "<group>"; };
/* End PBXFileReference section */

/* Begin PBXFrameworksBuildPhase section */
		1EBCDB781BA6A6A100573BB8 /* Frameworks */ = {
			isa = PBXFrameworksBuildPhase;
			buildActionMask = 2147483647;
			files = (
			);
			runOnlyForDeploymentPostprocessing = 0;
		};
/* End PBXFrameworksBuildPhase section */

/* Begin PBXGroup section */
		1EBCDB721BA6A6A100573BB8 = {
			isa = PBXGroup;
			children = (
				1EBCDB7D1BA6A6A100573BB8 /* Metalldetektor */,
				1EBCDB7C1BA6A6A100573BB8 /* Products */,
			);
			sourceTree = "<group>";
		};
		1EBCDB7C1BA6A6A100573BB8 /* Products */ = {
			isa = PBXGroup;
			children = (
				1EBCDB7B1BA6A6A100573BB8 /* Metalldetektor.app */,
			);
			name = Products;
			sourceTree = "<group>";
		};
		1EBCDB7D1BA6A6A100573BB8 /* Metalldetektor */ = {
			isa = PBXGroup;
			children = (
				1EBCDB7E1BA6A6A100573BB8 /* AppDelegate.swift */,
				1EBCDB801BA6A6A100573BB8 /* ViewController.swift */,
				1EF2C5C41BA76C3600C6A87B /* SolutionLogger.swift */,
				1EBCDB821BA6A6A100573BB8 /* Main.storyboard */,
				1EBCDB851BA6A6A100573BB8 /* Assets.xcassets */,
				1EBCDB8A1BA6A6A100573BB8 /* Info.plist */,
			);
			path = Metalldetektor;
			sourceTree = "<group>";
		};
/* End PBXGroup section */

/* Begin PBXNativeTarget section */
		1EBCDB7A1BA6A6A100573BB8 /* Metalldetektor */ = {
			isa = PBXNativeTarget;
			buildConfigurationList = 1EBCDB8D1BA6A6A100573BB8 /* Build configuration list for PBXNativeTarget "Metalldetektor" */;
			buildPhases = (
				1EBCDB771BA6A6A100573BB8 /* Sources */,
				1EBCDB781BA6A6A100573BB8 /* Frameworks */,
				1EBCDB791BA6A6A100573BB8 /* Resources */,
			);
			buildRules = (
			);
			dependencies = (
			);
			name = Metalldetektor;
			productName = Metalldetektor;
			productReference = 1EBCDB7B1BA6A6A100573BB8 /* Metalldetektor.app */;
			productType = "com.apple.product-type.application";
		};
/* End PBXNativeTarget section */

/* Begin PBXProject section */
		1EBCDB731BA6A6A100573BB8 /* Project object */ = {
			isa = PBXProject;
			attributes = {
				LastSwiftUpdateCheck = 0710;
				LastUpgradeCheck = 0800;
				ORGANIZATIONNAME = "Toni Suter";
				TargetAttributes = {
					1EBCDB7A1BA6A6A100573BB8 = {
						CreatedOnToolsVersion = 7.0;
						DevelopmentTeam = AZUX62AVB2;
						LastSwiftMigration = 0800;
					};
				};
			};
			buildConfigurationList = 1EBCDB761BA6A6A100573BB8 /* Build configuration list for PBXProject "Metalldetektor" */;
			compatibilityVersion = "Xcode 3.2";
			developmentRegion = English;
			hasScannedForEncodings = 0;
			knownRegions = (
				en,
				Base,
			);
			mainGroup = 1EBCDB721BA6A6A100573BB8;
			productRefGroup = 1EBCDB7C1BA6A6A100573BB8 /* Products */;
			projectDirPath = "";
			projectRoot = "";
			targets = (
				1EBCDB7A1BA6A6A100573BB8 /* Metalldetektor */,
			);
		};
/* End PBXProject section */

/* Begin PBXResourcesBuildPhase section */
		1EBCDB791BA6A6A100573BB8 /* Resources */ = {
			isa = PBXResourcesBuildPhase;
			buildActionMask = 2147483647;
			files = (
				1EBCDB861BA6A6A100573BB8 /* Assets.xcassets in Resources */,
				1EBCDB841BA6A6A100573BB8 /* Main.storyboard in Resources */,
			);
			runOnlyForDeploymentPostprocessing = 0;
		};
/* End PBXResourcesBuildPhase section */

/* Begin PBXSourcesBuildPhase section */
		1EBCDB771BA6A6A100573BB8 /* Sources */ = {
			isa = PBXSourcesBuildPhase;
			buildActionMask = 2147483647;
			files = (
				1EBCDB811BA6A6A100573BB8 /* ViewController.swift in Sources */,
				1EF2C5C51BA76C3600C6A87B /* SolutionLogger.swift in Sources */,
				1EBCDB7F1BA6A6A100573BB8 /* AppDelegate.swift in Sources */,
			);
			runOnlyForDeploymentPostprocessing = 0;
		};
/* End PBXSourcesBuildPhase section */

/* Begin PBXVariantGroup section */
		1EBCDB821BA6A6A100573BB8 /* Main.storyboard */ = {
			isa = PBXVariantGroup;
			children = (
				1EBCDB831BA6A6A100573BB8 /* Base */,
			);
			name = Main.storyboard;
			sourceTree = "<group>";
		};
/* End PBXVariantGroup section */

/* Begin XCBuildConfiguration section */
		1EBCDB8B1BA6A6A100573BB8 /* Debug */ = {
			isa = XCBuildConfiguration;
			buildSettings = {
				ALWAYS_SEARCH_USER_PATHS = NO;
				CLANG_CXX_LANGUAGE_STANDARD = "gnu++0x";
				CLANG_CXX_LIBRARY = "libc++";
				CLANG_ENABLE_MODULES = YES;
				CLANG_ENABLE_OBJC_ARC = YES;
				CLANG_WARN_BOOL_CONVERSION = YES;
				CLANG_WARN_CONSTANT_CONVERSION = YES;
				CLANG_WARN_DIRECT_OBJC_ISA_USAGE = YES_ERROR;
				CLANG_WARN_EMPTY_BODY = YES;
				CLANG_WARN_ENUM_CONVERSION = YES;
				CLANG_WARN_INFINITE_RECURSION = YES;
				CLANG_WARN_INT_CONVERSION = YES;
				CLANG_WARN_OBJC_ROOT_CLASS = YES_ERROR;
				CLANG_WARN_SUSPICIOUS_MOVE = YES;
				CLANG_WARN_UNREACHABLE_CODE = YES;
				CLANG_WARN__DUPLICATE_METHOD_MATCH = YES;
				"CODE_SIGN_IDENTITY[sdk=iphoneos*]" = "iPhone Developer";
				COPY_PHASE_STRIP = NO;
				DEBUG_INFORMATION_FORMAT = dwarf;
				ENABLE_STRICT_OBJC_MSGSEND = YES;
				ENABLE_TESTABILITY = YES;
				GCC_C_LANGUAGE_STANDARD = gnu99;
				GCC_DYNAMIC_NO_PIC = NO;
				GCC_NO_COMMON_BLOCKS = YES;
				GCC_OPTIMIZATION_LEVEL = 0;
				GCC_PREPROCESSOR_DEFINITIONS = (
					"DEBUG=1",
					"$(inherited)",
				);
				GCC_WARN_64_TO_32_BIT_CONVERSION = YES;
				GCC_WARN_ABOUT_RETURN_TYPE = YES_ERROR;
				GCC_WARN_UNDECLARED_SELECTOR = YES;
				GCC_WARN_UNINITIALIZED_AUTOS = YES_AGGRESSIVE;
				GCC_WARN_UNUSED_FUNCTION = YES;
				GCC_WARN_UNUSED_VARIABLE = YES;
				IPHONEOS_DEPLOYMENT_TARGET = 10.0;
				MTL_ENABLE_DEBUG_INFO = YES;
				ONLY_ACTIVE_ARCH = YES;
				SDKROOT = iphoneos;
				SWIFT_OPTIMIZATION_LEVEL = "-Onone";
			};
			name = Debug;
		};
		1EBCDB8C1BA6A6A100573BB8 /* Release */ = {
			isa = XCBuildConfiguration;
			buildSettings = {
				ALWAYS_SEARCH_USER_PATHS = NO;
				CLANG_CXX_LANGUAGE_STANDARD = "gnu++0x";
				CLANG_CXX_LIBRARY = "libc++";
				CLANG_ENABLE_MODULES = YES;
				CLANG_ENABLE_OBJC_ARC = YES;
				CLANG_WARN_BOOL_CONVERSION = YES;
				CLANG_WARN_CONSTANT_CONVERSION = YES;
				CLANG_WARN_DIRECT_OBJC_ISA_USAGE = YES_ERROR;
				CLANG_WARN_EMPTY_BODY = YES;
				CLANG_WARN_ENUM_CONVERSION = YES;
				CLANG_WARN_INFINITE_RECURSION = YES;
				CLANG_WARN_INT_CONVERSION = YES;
				CLANG_WARN_OBJC_ROOT_CLASS = YES_ERROR;
				CLANG_WARN_SUSPICIOUS_MOVE = YES;
				CLANG_WARN_UNREACHABLE_CODE = YES;
				CLANG_WARN__DUPLICATE_METHOD_MATCH = YES;
				"CODE_SIGN_IDENTITY[sdk=iphoneos*]" = "iPhone Developer";
				COPY_PHASE_STRIP = NO;
				DEBUG_INFORMATION_FORMAT = "dwarf-with-dsym";
				ENABLE_NS_ASSERTIONS = NO;
				ENABLE_STRICT_OBJC_MSGSEND = YES;
				GCC_C_LANGUAGE_STANDARD = gnu99;
				GCC_NO_COMMON_BLOCKS = YES;
				GCC_WARN_64_TO_32_BIT_CONVERSION = YES;
				GCC_WARN_ABOUT_RETURN_TYPE = YES_ERROR;
				GCC_WARN_UNDECLARED_SELECTOR = YES;
				GCC_WARN_UNINITIALIZED_AUTOS = YES_AGGRESSIVE;
				GCC_WARN_UNUSED_FUNCTION = YES;
				GCC_WARN_UNUSED_VARIABLE = YES;
				IPHONEOS_DEPLOYMENT_TARGET = 10.0;
				MTL_ENABLE_DEBUG_INFO = NO;
				SDKROOT = iphoneos;
				SWIFT_OPTIMIZATION_LEVEL = "-Owholemodule";
				VALIDATE_PRODUCT = YES;
			};
			name = Release;
		};
		1EBCDB8E1BA6A6A100573BB8 /* Debug */ = {
			isa = XCBuildConfiguration;
			buildSettings = {
				ASSETCATALOG_COMPILER_APPICON_NAME = AppIcon;
				CODE_SIGN_IDENTITY = "iPhone Developer";
				"CODE_SIGN_IDENTITY[sdk=iphoneos*]" = "iPhone Developer";
				DEVELOPMENT_TEAM = AZUX62AVB2;
				INFOPLIST_FILE = Metalldetektor/Info.plist;
				LD_RUNPATH_SEARCH_PATHS = "$(inherited) @executable_path/Frameworks";
				PRODUCT_BUNDLE_IDENTIFIER = ch.waleed.Metalldetektor;
				PRODUCT_NAME = "$(TARGET_NAME)";
				PROVISIONING_PROFILE = "";
				SWIFT_OBJC_BRIDGING_HEADER = "";
				SWIFT_VERSION = 3.0;
				TARGETED_DEVICE_FAMILY = 1;
			};
			name = Debug;
		};
		1EBCDB8F1BA6A6A100573BB8 /* Release */ = {
			isa = XCBuildConfiguration;
			buildSettings = {
				ASSETCATALOG_COMPILER_APPICON_NAME = AppIcon;
				CODE_SIGN_IDENTITY = "iPhone Developer";
				"CODE_SIGN_IDENTITY[sdk=iphoneos*]" = "iPhone Developer";
				DEVELOPMENT_TEAM = AZUX62AVB2;
				INFOPLIST_FILE = Metalldetektor/Info.plist;
				LD_RUNPATH_SEARCH_PATHS = "$(inherited) @executable_path/Frameworks";
				PRODUCT_BUNDLE_IDENTIFIER = ch.waleed.Metalldetektor;
				PRODUCT_NAME = "$(TARGET_NAME)";
				PROVISIONING_PROFILE = "";
				SWIFT_OBJC_BRIDGING_HEADER = "";
				SWIFT_VERSION = 3.0;
				TARGETED_DEVICE_FAMILY = 1;
			};
			name = Release;
		};
/* End XCBuildConfiguration section */

/* Begin XCConfigurationList section */
		1EBCDB761BA6A6A100573BB8 /* Build configuration list for PBXProject "Metalldetektor" */ = {
			isa = XCConfigurationList;
			buildConfigurations = (
				1EBCDB8B1BA6A6A100573BB8 /* Debug */,
				1EBCDB8C1BA6A6A100573BB8 /* Release */,
			);
			defaultConfigurationIsVisible = 0;
			defaultConfigurationName = Release;
		};
		1EBCDB8D1BA6A6A100573BB8 /* Build configuration list for PBXNativeTarget "Metalldetektor" */ = {
			isa = XCConfigurationList;
			buildConfigurations = (
				1EBCDB8E1BA6A6A100573BB8 /* Debug */,
				1EBCDB8F1BA6A6A100573BB8 /* Release */,
			);
			defaultConfigurationIsVisible = 0;
			defaultConfigurationName = Release;
		};
/* End XCConfigurationList section */
	};
	rootObject = 1EBCDB731BA6A6A100573BB8 /* Project object */;
}
